
Microsoft Visual Studio Solution File, Format Version 12.00
# Visual Studio Version 17
VisualStudioVersion = 17.3.32929.385
MinimumVisualStudioVersion = 10.0.40219.1
Project("{9A19103F-16F7-4668-BE54-9A1E7A4F7556}") = "OnlineMarketplace", "OnlineMarketplace\OnlineMarketplace.csproj", "{74507B04-724C-4482-B02C-6060E6EAAB9F}"
EndProject
Project("{9A19103F-16F7-4668-BE54-9A1E7A4F7556}") = "omp.Authentication.Facade", "omp.Authentication.Facade\omp.Authentication.Facade.csproj", "{2265BC6A-D239-4917-ADE7-7CE19BF7F37D}"
EndProject
Project("{FAE04EC0-301F-11D3-BF4B-00C04F79EFBC}") = "omp.DataAccess.Core", "omp.DataAccess.Core\omp.DataAccess.Core.csproj", "{BE3F2716-C604-47E0-9986-D2DF40081886}"
EndProject
Global
	GlobalSection(SolutionConfigurationPlatforms) = preSolution
		Debug|Any CPU = Debug|Any CPU
		Release|Any CPU = Release|Any CPU
	EndGlobalSection
	GlobalSection(ProjectConfigurationPlatforms) = postSolution
		{74507B04-724C-4482-B02C-6060E6EAAB9F}.Debug|Any CPU.ActiveCfg = Debug|Any CPU
		{74507B04-724C-4482-B02C-6060E6EAAB9F}.Debug|Any CPU.Build.0 = Debug|Any CPU
		{74507B04-724C-4482-B02C-6060E6EAAB9F}.Release|Any CPU.ActiveCfg = Release|Any CPU
		{74507B04-724C-4482-B02C-6060E6EAAB9F}.Release|Any CPU.Build.0 = Release|Any CPU
		{2265BC6A-D239-4917-ADE7-7CE19BF7F37D}.Debug|Any CPU.ActiveCfg = Debug|Any CPU
		{2265BC6A-D239-4917-ADE7-7CE19BF7F37D}.Debug|Any CPU.Build.0 = Debug|Any CPU
		{2265BC6A-D239-4917-ADE7-7CE19BF7F37D}.Release|Any CPU.ActiveCfg = Release|Any CPU
		{2265BC6A-D239-4917-ADE7-7CE19BF7F37D}.Release|Any CPU.Build.0 = Release|Any CPU
		{BE3F2716-C604-47E0-9986-D2DF40081886}.Debug|Any CPU.ActiveCfg = Debug|Any CPU
		{BE3F2716-C604-47E0-9986-D2DF40081886}.Debug|Any CPU.Build.0 = Debug|Any CPU
		{BE3F2716-C604-47E0-9986-D2DF40081886}.Release|Any CPU.ActiveCfg = Release|Any CPU
		{BE3F2716-C604-47E0-9986-D2DF40081886}.Release|Any CPU.Build.0 = Release|Any CPU
	EndGlobalSection
	GlobalSection(SolutionProperties) = preSolution
		HideSolutionNode = FALSE
	EndGlobalSection
	GlobalSection(ExtensibilityGlobals) = postSolution
		SolutionGuid = {12D2C36A-FDD6-497F-AB82-E75970E54D08}
	EndGlobalSection
EndGlobal
