
Microsoft Visual Studio Solution File, Format Version 12.00
# Visual Studio Version 17
VisualStudioVersion = 17.3.32929.385
MinimumVisualStudioVersion = 10.0.40219.1
Project("{FAE04EC0-301F-11D3-BF4B-00C04F79EFBC}") = "omp.stream.server", "omp.stream.server.csproj", "{AC34DE2E-1A99-4740-A2DC-C96AADF2F518}"
EndProject
Global
	GlobalSection(SolutionConfigurationPlatforms) = preSolution
		Debug|Any CPU = Debug|Any CPU
		Release|Any CPU = Release|Any CPU
	EndGlobalSection
	GlobalSection(ProjectConfigurationPlatforms) = postSolution
		{AC34DE2E-1A99-4740-A2DC-C96AADF2F518}.Debug|Any CPU.ActiveCfg = Debug|Any CPU
		{AC34DE2E-1A99-4740-A2DC-C96AADF2F518}.Debug|Any CPU.Build.0 = Debug|Any CPU
		{AC34DE2E-1A99-4740-A2DC-C96AADF2F518}.Release|Any CPU.ActiveCfg = Release|Any CPU
		{AC34DE2E-1A99-4740-A2DC-C96AADF2F518}.Release|Any CPU.Build.0 = Release|Any CPU
	EndGlobalSection
	GlobalSection(SolutionProperties) = preSolution
		HideSolutionNode = FALSE
	EndGlobalSection
	GlobalSection(ExtensibilityGlobals) = postSolution
		SolutionGuid = {C11CF13E-F8D5-4319-A67B-B3927BF936C3}
	EndGlobalSection
EndGlobal
